
Microsoft Visual Studio Solution File, Format Version 12.00
# Visual Studio 15
VisualStudioVersion = 15.0.28307.168
MinimumVisualStudioVersion = 10.0.40219.1
Project("{8BC9CEB8-8B4A-11D0-8D11-00A0C91BC942}") = "2SAT", "2SAT\2SAT.vcxproj", "{884AACCD-7D82-45DF-B10E-C52D01F3A439}"
EndProject
Global
	GlobalSection(SolutionConfigurationPlatforms) = preSolution
		Debug|x64 = Debug|x64
		Debug|x86 = Debug|x86
		Release|x64 = Release|x64
		Release|x86 = Release|x86
	EndGlobalSection
	GlobalSection(ProjectConfigurationPlatforms) = postSolution
		{884AACCD-7D82-45DF-B10E-C52D01F3A439}.Debug|x64.ActiveCfg = Debug|x64
		{884AACCD-7D82-45DF-B10E-C52D01F3A439}.Debug|x64.Build.0 = Debug|x64
		{884AACCD-7D82-45DF-B10E-C52D01F3A439}.Debug|x86.ActiveCfg = Debug|Win32
		{884AACCD-7D82-45DF-B10E-C52D01F3A439}.Debug|x86.Build.0 = Debug|Win32
		{884AACCD-7D82-45DF-B10E-C52D01F3A439}.Release|x64.ActiveCfg = Release|x64
		{884AACCD-7D82-45DF-B10E-C52D01F3A439}.Release|x64.Build.0 = Release|x64
		{884AACCD-7D82-45DF-B10E-C52D01F3A439}.Release|x86.ActiveCfg = Release|Win32
		{884AACCD-7D82-45DF-B10E-C52D01F3A439}.Release|x86.Build.0 = Release|Win32
	EndGlobalSection
	GlobalSection(SolutionProperties) = preSolution
		HideSolutionNode = FALSE
	EndGlobalSection
	GlobalSection(ExtensibilityGlobals) = postSolution
		SolutionGuid = {C2E729FE-C3A7-4A25-AE68-CFB721FC373D}
	EndGlobalSection
EndGlobal
